
Microsoft Visual Studio Solution File, Format Version 12.00
# Visual Studio Version 16
VisualStudioVersion = 16.0.29519.181
MinimumVisualStudioVersion = 10.0.40219.1
Project("{FAE04EC0-301F-11D3-BF4B-00C04F79EFBC}") = "Klingon_Desafio", "Klingon\Klingon_Desafio.csproj", "{EE343425-087E-4CFD-84AE-D0C8E9B9C4BD}"
EndProject
Project("{FAE04EC0-301F-11D3-BF4B-00C04F79EFBC}") = "Klingon_Desafio.Test", "Klingon.Test\Klingon_Desafio.Test.csproj", "{B7EE7449-E90B-4F9A-903A-1BDF244BCB7D}"
EndProject
Global
	GlobalSection(SolutionConfigurationPlatforms) = preSolution
		Debug|Any CPU = Debug|Any CPU
		Release|Any CPU = Release|Any CPU
	EndGlobalSection
	GlobalSection(ProjectConfigurationPlatforms) = postSolution
		{EE343425-087E-4CFD-84AE-D0C8E9B9C4BD}.Debug|Any CPU.ActiveCfg = Debug|Any CPU
		{EE343425-087E-4CFD-84AE-D0C8E9B9C4BD}.Debug|Any CPU.Build.0 = Debug|Any CPU
		{EE343425-087E-4CFD-84AE-D0C8E9B9C4BD}.Release|Any CPU.ActiveCfg = Release|Any CPU
		{EE343425-087E-4CFD-84AE-D0C8E9B9C4BD}.Release|Any CPU.Build.0 = Release|Any CPU
		{B7EE7449-E90B-4F9A-903A-1BDF244BCB7D}.Debug|Any CPU.ActiveCfg = Debug|Any CPU
		{B7EE7449-E90B-4F9A-903A-1BDF244BCB7D}.Debug|Any CPU.Build.0 = Debug|Any CPU
		{B7EE7449-E90B-4F9A-903A-1BDF244BCB7D}.Release|Any CPU.ActiveCfg = Release|Any CPU
		{B7EE7449-E90B-4F9A-903A-1BDF244BCB7D}.Release|Any CPU.Build.0 = Release|Any CPU
	EndGlobalSection
	GlobalSection(SolutionProperties) = preSolution
		HideSolutionNode = FALSE
	EndGlobalSection
	GlobalSection(ExtensibilityGlobals) = postSolution
		SolutionGuid = {D1DA042C-1943-4117-9973-0122CEA37E58}
	EndGlobalSection
EndGlobal
